// !$*UTF8*$!
{
	archiveVersion = 1;
	classes = {
	};
	objectVersion = 77;
	objects = {

/* Begin PBXBuildFile section */
		4B3344B32D848D73005B0F77 /* GoogleGenerativeAI in Frameworks */ = {isa = PBXBuildFile; productRef = 4B3344B22D848D73005B0F77 /* GoogleGenerativeAI */; };
		4B3344B52D848E6E005B0F77 /* GenerativeAI-Info.plist in Resources */ = {isa = PBXBuildFile; fileRef = 4B3344B42D848E6E005B0F77 /* GenerativeAI-Info.plist */; };
		4B3344BA2D849581005B0F77 /* .gitignore in Resources */ = {isa = PBXBuildFile; fileRef = 4B3344B82D84957E005B0F77 /* .gitignore */; };
		4B7AFFBC2DB54CEB00DDCA3C /* NetworkLayer in Frameworks */ = {isa = PBXBuildFile; productRef = 4B7AFFBB2DB54CEB00DDCA3C /* NetworkLayer */; };
/* End PBXBuildFile section */

/* Begin PBXContainerItemProxy section */
		4B8B99972D812EAB0092C363 /* PBXContainerItemProxy */ = {
			isa = PBXContainerItemProxy;
			containerPortal = 4B8B997E2D812EA90092C363 /* Project object */;
			proxyType = 1;
			remoteGlobalIDString = 4B8B99852D812EA90092C363;
			remoteInfo = PoopDetector;
		};
		4B8B99A12D812EAB0092C363 /* PBXContainerItemProxy */ = {
			isa = PBXContainerItemProxy;
			containerPortal = 4B8B997E2D812EA90092C363 /* Project object */;
			proxyType = 1;
			remoteGlobalIDString = 4B8B99852D812EA90092C363;
			remoteInfo = PoopDetector;
		};
/* End PBXContainerItemProxy section */

/* Begin PBXFileReference section */
		4B3344B42D848E6E005B0F77 /* GenerativeAI-Info.plist */ = {isa = PBXFileReference; lastKnownFileType = text.plist.xml; path = "GenerativeAI-Info.plist"; sourceTree = "<group>"; };
		4B3344B82D84957E005B0F77 /* .gitignore */ = {isa = PBXFileReference; lastKnownFileType = text; path = .gitignore; sourceTree = "<group>"; };
		4B8B99862D812EA90092C363 /* PoopDetector.app */ = {isa = PBXFileReference; explicitFileType = wrapper.application; includeInIndex = 0; path = PoopDetector.app; sourceTree = BUILT_PRODUCTS_DIR; };
		4B8B99962D812EAB0092C363 /* PoopDetectorTests.xctest */ = {isa = PBXFileReference; explicitFileType = wrapper.cfbundle; includeInIndex = 0; path = PoopDetectorTests.xctest; sourceTree = BUILT_PRODUCTS_DIR; };
		4B8B99A02D812EAB0092C363 /* PoopDetectorUITests.xctest */ = {isa = PBXFileReference; explicitFileType = wrapper.cfbundle; includeInIndex = 0; path = PoopDetectorUITests.xctest; sourceTree = BUILT_PRODUCTS_DIR; };
/* End PBXFileReference section */

/* Begin PBXFileSystemSynchronizedBuildFileExceptionSet section */
		4B7AFFB92DB54CCD00DDCA3C /* Exceptions for "Packages" folder in "PoopDetector" target */ = {
			isa = PBXFileSystemSynchronizedBuildFileExceptionSet;
			membershipExceptions = (
				NetworkLayer,
			);
			target = 4B8B99852D812EA90092C363 /* PoopDetector */;
		};
/* End PBXFileSystemSynchronizedBuildFileExceptionSet section */

/* Begin PBXFileSystemSynchronizedRootGroup section */
		4B7AFFB72DB54CB900DDCA3C /* Packages */ = {
			isa = PBXFileSystemSynchronizedRootGroup;
			exceptions = (
				4B7AFFB92DB54CCD00DDCA3C /* Exceptions for "Packages" folder in "PoopDetector" target */,
			);
			path = Packages;
			sourceTree = "<group>";
		};
		4B8B99882D812EA90092C363 /* PoopDetector */ = {
			isa = PBXFileSystemSynchronizedRootGroup;
			path = PoopDetector;
			sourceTree = "<group>";
		};
		4B8B99992D812EAB0092C363 /* PoopDetectorTests */ = {
			isa = PBXFileSystemSynchronizedRootGroup;
			path = PoopDetectorTests;
			sourceTree = "<group>";
		};
		4B8B99A32D812EAB0092C363 /* PoopDetectorUITests */ = {
			isa = PBXFileSystemSynchronizedRootGroup;
			path = PoopDetectorUITests;
			sourceTree = "<group>";
		};
/* End PBXFileSystemSynchronizedRootGroup section */

/* Begin PBXFrameworksBuildPhase section */
		4B8B99832D812EA90092C363 /* Frameworks */ = {
			isa = PBXFrameworksBuildPhase;
			buildActionMask = 2147483647;
			files = (
				4B3344B32D848D73005B0F77 /* GoogleGenerativeAI in Frameworks */,
				4B7AFFBC2DB54CEB00DDCA3C /* NetworkLayer in Frameworks */,
			);
			runOnlyForDeploymentPostprocessing = 0;
		};
		4B8B99932D812EAB0092C363 /* Frameworks */ = {
			isa = PBXFrameworksBuildPhase;
			buildActionMask = 2147483647;
			files = (
			);
			runOnlyForDeploymentPostprocessing = 0;
		};
		4B8B999D2D812EAB0092C363 /* Frameworks */ = {
			isa = PBXFrameworksBuildPhase;
			buildActionMask = 2147483647;
			files = (
			);
			runOnlyForDeploymentPostprocessing = 0;
		};
/* End PBXFrameworksBuildPhase section */

/* Begin PBXGroup section */
		4B7AFFBA2DB54CEB00DDCA3C /* Frameworks */ = {
			isa = PBXGroup;
			children = (
			);
			name = Frameworks;
			sourceTree = "<group>";
		};
		4B8B997D2D812EA90092C363 = {
			isa = PBXGroup;
			children = (
				4B7AFFB72DB54CB900DDCA3C /* Packages */,
				4B3344B42D848E6E005B0F77 /* GenerativeAI-Info.plist */,
				4B8B99882D812EA90092C363 /* PoopDetector */,
				4B8B99992D812EAB0092C363 /* PoopDetectorTests */,
				4B8B99A32D812EAB0092C363 /* PoopDetectorUITests */,
				4B8B99872D812EA90092C363 /* Products */,
				4B3344B82D84957E005B0F77 /* .gitignore */,
				4B7AFFBA2DB54CEB00DDCA3C /* Frameworks */,
			);
			sourceTree = "<group>";
		};
		4B8B99872D812EA90092C363 /* Products */ = {
			isa = PBXGroup;
			children = (
				4B8B99862D812EA90092C363 /* PoopDetector.app */,
				4B8B99962D812EAB0092C363 /* PoopDetectorTests.xctest */,
				4B8B99A02D812EAB0092C363 /* PoopDetectorUITests.xctest */,
			);
			name = Products;
			sourceTree = "<group>";
		};
/* End PBXGroup section */

/* Begin PBXNativeTarget section */
		4B8B99852D812EA90092C363 /* PoopDetector */ = {
			isa = PBXNativeTarget;
			buildConfigurationList = 4B8B99AA2D812EAB0092C363 /* Build configuration list for PBXNativeTarget "PoopDetector" */;
			buildPhases = (
				4B8B99822D812EA90092C363 /* Sources */,
				4B8B99832D812EA90092C363 /* Frameworks */,
				4B8B99842D812EA90092C363 /* Resources */,
			);
			buildRules = (
			);
			dependencies = (
			);
			fileSystemSynchronizedGroups = (
				4B7AFFB72DB54CB900DDCA3C /* Packages */,
				4B8B99882D812EA90092C363 /* PoopDetector */,
			);
			name = PoopDetector;
			packageProductDependencies = (
				4B3344B22D848D73005B0F77 /* GoogleGenerativeAI */,
				4B7AFFBB2DB54CEB00DDCA3C /* NetworkLayer */,
			);
			productName = PoopDetector;
			productReference = 4B8B99862D812EA90092C363 /* PoopDetector.app */;
			productType = "com.apple.product-type.application";
		};
		4B8B99952D812EAB0092C363 /* PoopDetectorTests */ = {
			isa = PBXNativeTarget;
			buildConfigurationList = 4B8B99AD2D812EAB0092C363 /* Build configuration list for PBXNativeTarget "PoopDetectorTests" */;
			buildPhases = (
				4B8B99922D812EAB0092C363 /* Sources */,
				4B8B99932D812EAB0092C363 /* Frameworks */,
				4B8B99942D812EAB0092C363 /* Resources */,
			);
			buildRules = (
			);
			dependencies = (
				4B8B99982D812EAB0092C363 /* PBXTargetDependency */,
			);
			fileSystemSynchronizedGroups = (
				4B8B99992D812EAB0092C363 /* PoopDetectorTests */,
			);
			name = PoopDetectorTests;
			packageProductDependencies = (
			);
			productName = PoopDetectorTests;
			productReference = 4B8B99962D812EAB0092C363 /* PoopDetectorTests.xctest */;
			productType = "com.apple.product-type.bundle.unit-test";
		};
		4B8B999F2D812EAB0092C363 /* PoopDetectorUITests */ = {
			isa = PBXNativeTarget;
			buildConfigurationList = 4B8B99B02D812EAB0092C363 /* Build configuration list for PBXNativeTarget "PoopDetectorUITests" */;
			buildPhases = (
				4B8B999C2D812EAB0092C363 /* Sources */,
				4B8B999D2D812EAB0092C363 /* Frameworks */,
				4B8B999E2D812EAB0092C363 /* Resources */,
			);
			buildRules = (
			);
			dependencies = (
				4B8B99A22D812EAB0092C363 /* PBXTargetDependency */,
			);
			fileSystemSynchronizedGroups = (
				4B8B99A32D812EAB0092C363 /* PoopDetectorUITests */,
			);
			name = PoopDetectorUITests;
			packageProductDependencies = (
			);
			productName = PoopDetectorUITests;
			productReference = 4B8B99A02D812EAB0092C363 /* PoopDetectorUITests.xctest */;
			productType = "com.apple.product-type.bundle.ui-testing";
		};
/* End PBXNativeTarget section */

/* Begin PBXProject section */
		4B8B997E2D812EA90092C363 /* Project object */ = {
			isa = PBXProject;
			attributes = {
				BuildIndependentTargetsInParallel = 1;
				LastSwiftUpdateCheck = 1610;
				LastUpgradeCheck = 1610;
				TargetAttributes = {
					4B8B99852D812EA90092C363 = {
						CreatedOnToolsVersion = 16.1;
					};
					4B8B99952D812EAB0092C363 = {
						CreatedOnToolsVersion = 16.1;
						TestTargetID = 4B8B99852D812EA90092C363;
					};
					4B8B999F2D812EAB0092C363 = {
						CreatedOnToolsVersion = 16.1;
						TestTargetID = 4B8B99852D812EA90092C363;
					};
				};
			};
			buildConfigurationList = 4B8B99812D812EA90092C363 /* Build configuration list for PBXProject "PoopDetector" */;
			developmentRegion = en;
			hasScannedForEncodings = 0;
			knownRegions = (
				en,
				Base,
			);
			mainGroup = 4B8B997D2D812EA90092C363;
			minimizedProjectReferenceProxies = 1;
			packageReferences = (
				4B3344B12D848D73005B0F77 /* XCRemoteSwiftPackageReference "generative-ai-swift" */,
			);
			preferredProjectObjectVersion = 77;
			productRefGroup = 4B8B99872D812EA90092C363 /* Products */;
			projectDirPath = "";
			projectRoot = "";
			targets = (
				4B8B99852D812EA90092C363 /* PoopDetector */,
				4B8B99952D812EAB0092C363 /* PoopDetectorTests */,
				4B8B999F2D812EAB0092C363 /* PoopDetectorUITests */,
			);
		};
/* End PBXProject section */

/* Begin PBXResourcesBuildPhase section */
		4B8B99842D812EA90092C363 /* Resources */ = {
			isa = PBXResourcesBuildPhase;
			buildActionMask = 2147483647;
			files = (
				4B3344BA2D849581005B0F77 /* .gitignore in Resources */,
				4B3344B52D848E6E005B0F77 /* GenerativeAI-Info.plist in Resources */,
			);
			runOnlyForDeploymentPostprocessing = 0;
		};
		4B8B99942D812EAB0092C363 /* Resources */ = {
			isa = PBXResourcesBuildPhase;
			buildActionMask = 2147483647;
			files = (
			);
			runOnlyForDeploymentPostprocessing = 0;
		};
		4B8B999E2D812EAB0092C363 /* Resources */ = {
			isa = PBXResourcesBuildPhase;
			buildActionMask = 2147483647;
			files = (
			);
			runOnlyForDeploymentPostprocessing = 0;
		};
/* End PBXResourcesBuildPhase section */

/* Begin PBXSourcesBuildPhase section */
		4B8B99822D812EA90092C363 /* Sources */ = {
			isa = PBXSourcesBuildPhase;
			buildActionMask = 2147483647;
			files = (
			);
			runOnlyForDeploymentPostprocessing = 0;
		};
		4B8B99922D812EAB0092C363 /* Sources */ = {
			isa = PBXSourcesBuildPhase;
			buildActionMask = 2147483647;
			files = (
			);
			runOnlyForDeploymentPostprocessing = 0;
		};
		4B8B999C2D812EAB0092C363 /* Sources */ = {
			isa = PBXSourcesBuildPhase;
			buildActionMask = 2147483647;
			files = (
			);
			runOnlyForDeploymentPostprocessing = 0;
		};
/* End PBXSourcesBuildPhase section */

/* Begin PBXTargetDependency section */
		4B8B99982D812EAB0092C363 /* PBXTargetDependency */ = {
			isa = PBXTargetDependency;
			target = 4B8B99852D812EA90092C363 /* PoopDetector */;
			targetProxy = 4B8B99972D812EAB0092C363 /* PBXContainerItemProxy */;
		};
		4B8B99A22D812EAB0092C363 /* PBXTargetDependency */ = {
			isa = PBXTargetDependency;
			target = 4B8B99852D812EA90092C363 /* PoopDetector */;
			targetProxy = 4B8B99A12D812EAB0092C363 /* PBXContainerItemProxy */;
		};
/* End PBXTargetDependency section */

/* Begin XCBuildConfiguration section */
		4B8B99A82D812EAB0092C363 /* Debug */ = {
			isa = XCBuildConfiguration;
			buildSettings = {
				ALWAYS_SEARCH_USER_PATHS = NO;
				ASSETCATALOG_COMPILER_GENERATE_SWIFT_ASSET_SYMBOL_EXTENSIONS = YES;
				CLANG_ANALYZER_NONNULL = YES;
				CLANG_ANALYZER_NUMBER_OBJECT_CONVERSION = YES_AGGRESSIVE;
				CLANG_CXX_LANGUAGE_STANDARD = "gnu++20";
				CLANG_ENABLE_MODULES = YES;
				CLANG_ENABLE_OBJC_ARC = YES;
				CLANG_ENABLE_OBJC_WEAK = YES;
				CLANG_WARN_BLOCK_CAPTURE_AUTORELEASING = YES;
				CLANG_WARN_BOOL_CONVERSION = YES;
				CLANG_WARN_COMMA = YES;
				CLANG_WARN_CONSTANT_CONVERSION = YES;
				CLANG_WARN_DEPRECATED_OBJC_IMPLEMENTATIONS = YES;
				CLANG_WARN_DIRECT_OBJC_ISA_USAGE = YES_ERROR;
				CLANG_WARN_DOCUMENTATION_COMMENTS = YES;
				CLANG_WARN_EMPTY_BODY = YES;
				CLANG_WARN_ENUM_CONVERSION = YES;
				CLANG_WARN_INFINITE_RECURSION = YES;
				CLANG_WARN_INT_CONVERSION = YES;
				CLANG_WARN_NON_LITERAL_NULL_CONVERSION = YES;
				CLANG_WARN_OBJC_IMPLICIT_RETAIN_SELF = YES;
				CLANG_WARN_OBJC_LITERAL_CONVERSION = YES;
				CLANG_WARN_OBJC_ROOT_CLASS = YES_ERROR;
				CLANG_WARN_QUOTED_INCLUDE_IN_FRAMEWORK_HEADER = YES;
				CLANG_WARN_RANGE_LOOP_ANALYSIS = YES;
				CLANG_WARN_STRICT_PROTOTYPES = YES;
				CLANG_WARN_SUSPICIOUS_MOVE = YES;
				CLANG_WARN_UNGUARDED_AVAILABILITY = YES_AGGRESSIVE;
				CLANG_WARN_UNREACHABLE_CODE = YES;
				CLANG_WARN__DUPLICATE_METHOD_MATCH = YES;
				COPY_PHASE_STRIP = NO;
				DEBUG_INFORMATION_FORMAT = dwarf;
				ENABLE_STRICT_OBJC_MSGSEND = YES;
				ENABLE_TESTABILITY = YES;
				ENABLE_USER_SCRIPT_SANDBOXING = YES;
				GCC_C_LANGUAGE_STANDARD = gnu17;
				GCC_DYNAMIC_NO_PIC = NO;
				GCC_NO_COMMON_BLOCKS = YES;
				GCC_OPTIMIZATION_LEVEL = 0;
				GCC_PREPROCESSOR_DEFINITIONS = (
					"DEBUG=1",
					"$(inherited)",
				);
				GCC_WARN_64_TO_32_BIT_CONVERSION = YES;
				GCC_WARN_ABOUT_RETURN_TYPE = YES_ERROR;
				GCC_WARN_UNDECLARED_SELECTOR = YES;
				GCC_WARN_UNINITIALIZED_AUTOS = YES_AGGRESSIVE;
				GCC_WARN_UNUSED_FUNCTION = YES;
				GCC_WARN_UNUSED_VARIABLE = YES;
				IPHONEOS_DEPLOYMENT_TARGET = 18.1;
				LOCALIZATION_PREFERS_STRING_CATALOGS = YES;
				MTL_ENABLE_DEBUG_INFO = INCLUDE_SOURCE;
				MTL_FAST_MATH = YES;
				ONLY_ACTIVE_ARCH = YES;
				SDKROOT = iphoneos;
				SWIFT_ACTIVE_COMPILATION_CONDITIONS = "DEBUG $(inherited)";
				SWIFT_OPTIMIZATION_LEVEL = "-Onone";
			};
			name = Debug;
		};
		4B8B99A92D812EAB0092C363 /* Release */ = {
			isa = XCBuildConfiguration;
			buildSettings = {
				ALWAYS_SEARCH_USER_PATHS = NO;
				ASSETCATALOG_COMPILER_GENERATE_SWIFT_ASSET_SYMBOL_EXTENSIONS = YES;
				CLANG_ANALYZER_NONNULL = YES;
				CLANG_ANALYZER_NUMBER_OBJECT_CONVERSION = YES_AGGRESSIVE;
				CLANG_CXX_LANGUAGE_STANDARD = "gnu++20";
				CLANG_ENABLE_MODULES = YES;
				CLANG_ENABLE_OBJC_ARC = YES;
				CLANG_ENABLE_OBJC_WEAK = YES;
				CLANG_WARN_BLOCK_CAPTURE_AUTORELEASING = YES;
				CLANG_WARN_BOOL_CONVERSION = YES;
				CLANG_WARN_COMMA = YES;
				CLANG_WARN_CONSTANT_CONVERSION = YES;
				CLANG_WARN_DEPRECATED_OBJC_IMPLEMENTATIONS = YES;
				CLANG_WARN_DIRECT_OBJC_ISA_USAGE = YES_ERROR;
				CLANG_WARN_DOCUMENTATION_COMMENTS = YES;
				CLANG_WARN_EMPTY_BODY = YES;
				CLANG_WARN_ENUM_CONVERSION = YES;
				CLANG_WARN_INFINITE_RECURSION = YES;
				CLANG_WARN_INT_CONVERSION = YES;
				CLANG_WARN_NON_LITERAL_NULL_CONVERSION = YES;
				CLANG_WARN_OBJC_IMPLICIT_RETAIN_SELF = YES;
				CLANG_WARN_OBJC_LITERAL_CONVERSION = YES;
				CLANG_WARN_OBJC_ROOT_CLASS = YES_ERROR;
				CLANG_WARN_QUOTED_INCLUDE_IN_FRAMEWORK_HEADER = YES;
				CLANG_WARN_RANGE_LOOP_ANALYSIS = YES;
				CLANG_WARN_STRICT_PROTOTYPES = YES;
				CLANG_WARN_SUSPICIOUS_MOVE = YES;
				CLANG_WARN_UNGUARDED_AVAILABILITY = YES_AGGRESSIVE;
				CLANG_WARN_UNREACHABLE_CODE = YES;
				CLANG_WARN__DUPLICATE_METHOD_MATCH = YES;
				COPY_PHASE_STRIP = NO;
				DEBUG_INFORMATION_FORMAT = "dwarf-with-dsym";
				ENABLE_NS_ASSERTIONS = NO;
				ENABLE_STRICT_OBJC_MSGSEND = YES;
				ENABLE_USER_SCRIPT_SANDBOXING = YES;
				GCC_C_LANGUAGE_STANDARD = gnu17;
				GCC_NO_COMMON_BLOCKS = YES;
				GCC_WARN_64_TO_32_BIT_CONVERSION = YES;
				GCC_WARN_ABOUT_RETURN_TYPE = YES_ERROR;
				GCC_WARN_UNDECLARED_SELECTOR = YES;
				GCC_WARN_UNINITIALIZED_AUTOS = YES_AGGRESSIVE;
				GCC_WARN_UNUSED_FUNCTION = YES;
				GCC_WARN_UNUSED_VARIABLE = YES;
				IPHONEOS_DEPLOYMENT_TARGET = 18.1;
				LOCALIZATION_PREFERS_STRING_CATALOGS = YES;
				MTL_ENABLE_DEBUG_INFO = NO;
				MTL_FAST_MATH = YES;
				SDKROOT = iphoneos;
				SWIFT_COMPILATION_MODE = wholemodule;
				VALIDATE_PRODUCT = YES;
			};
			name = Release;
		};
		4B8B99AB2D812EAB0092C363 /* Debug */ = {
			isa = XCBuildConfiguration;
			buildSettings = {
				ASSETCATALOG_COMPILER_APPICON_NAME = AppIcon;
				ASSETCATALOG_COMPILER_GLOBAL_ACCENT_COLOR_NAME = AccentColor;
				CODE_SIGN_STYLE = Automatic;
				CURRENT_PROJECT_VERSION = 1;
				DEVELOPMENT_ASSET_PATHS = "\"PoopDetector/Preview Content\"";
				DEVELOPMENT_TEAM = 473BWG9258;
				ENABLE_PREVIEWS = YES;
				GENERATE_INFOPLIST_FILE = YES;
				INFOPLIST_KEY_NSCameraUsageDescription = "We need camera access to capture poop images";
				INFOPLIST_KEY_UIApplicationSceneManifest_Generation = YES;
				INFOPLIST_KEY_UIApplicationSupportsIndirectInputEvents = YES;
				INFOPLIST_KEY_UILaunchScreen_Generation = YES;
				INFOPLIST_KEY_UISupportedInterfaceOrientations_iPad = "UIInterfaceOrientationPortrait UIInterfaceOrientationPortraitUpsideDown UIInterfaceOrientationLandscapeLeft UIInterfaceOrientationLandscapeRight";
				INFOPLIST_KEY_UISupportedInterfaceOrientations_iPhone = "UIInterfaceOrientationPortrait UIInterfaceOrientationLandscapeLeft UIInterfaceOrientationLandscapeRight";
				LD_RUNPATH_SEARCH_PATHS = (
					"$(inherited)",
					"@executable_path/Frameworks",
				);
				MARKETING_VERSION = 1.0;
				PRODUCT_BUNDLE_IDENTIFIER = Gokul.PoopDetector;
				PRODUCT_NAME = "$(TARGET_NAME)";
				SWIFT_EMIT_LOC_STRINGS = YES;
				SWIFT_VERSION = 6.0;
				TARGETED_DEVICE_FAMILY = "1,2";
			};
			name = Debug;
		};
		4B8B99AC2D812EAB0092C363 /* Release */ = {
			isa = XCBuildConfiguration;
			buildSettings = {
				ASSETCATALOG_COMPILER_APPICON_NAME = AppIcon;
				ASSETCATALOG_COMPILER_GLOBAL_ACCENT_COLOR_NAME = AccentColor;
				CODE_SIGN_STYLE = Automatic;
				CURRENT_PROJECT_VERSION = 1;
				DEVELOPMENT_ASSET_PATHS = "\"PoopDetector/Preview Content\"";
				DEVELOPMENT_TEAM = 473BWG9258;
				ENABLE_PREVIEWS = YES;
				GENERATE_INFOPLIST_FILE = YES;
				INFOPLIST_KEY_NSCameraUsageDescription = "We need camera access to capture poop images";
				INFOPLIST_KEY_UIApplicationSceneManifest_Generation = YES;
				INFOPLIST_KEY_UIApplicationSupportsIndirectInputEvents = YES;
				INFOPLIST_KEY_UILaunchScreen_Generation = YES;
				INFOPLIST_KEY_UISupportedInterfaceOrientations_iPad = "UIInterfaceOrientationPortrait UIInterfaceOrientationPortraitUpsideDown UIInterfaceOrientationLandscapeLeft UIInterfaceOrientationLandscapeRight";
				INFOPLIST_KEY_UISupportedInterfaceOrientations_iPhone = "UIInterfaceOrientationPortrait UIInterfaceOrientationLandscapeLeft UIInterfaceOrientationLandscapeRight";
				LD_RUNPATH_SEARCH_PATHS = (
					"$(inherited)",
					"@executable_path/Frameworks",
				);
				MARKETING_VERSION = 1.0;
				PRODUCT_BUNDLE_IDENTIFIER = Gokul.PoopDetector;
				PRODUCT_NAME = "$(TARGET_NAME)";
				SWIFT_EMIT_LOC_STRINGS = YES;
				SWIFT_VERSION = 6.0;
				TARGETED_DEVICE_FAMILY = "1,2";
			};
			name = Release;
		};
		4B8B99AE2D812EAB0092C363 /* Debug */ = {
			isa = XCBuildConfiguration;
			buildSettings = {
				BUNDLE_LOADER = "$(TEST_HOST)";
				CODE_SIGN_STYLE = Automatic;
				CURRENT_PROJECT_VERSION = 1;
				DEVELOPMENT_TEAM = 473BWG9258;
				GENERATE_INFOPLIST_FILE = YES;
				IPHONEOS_DEPLOYMENT_TARGET = 18.1;
				MARKETING_VERSION = 1.0;
				PRODUCT_BUNDLE_IDENTIFIER = Gokul.PoopDetectorTests;
				PRODUCT_NAME = "$(TARGET_NAME)";
				SWIFT_EMIT_LOC_STRINGS = NO;
				SWIFT_VERSION = 5.0;
				TARGETED_DEVICE_FAMILY = "1,2";
				TEST_HOST = "$(BUILT_PRODUCTS_DIR)/PoopDetector.app/$(BUNDLE_EXECUTABLE_FOLDER_PATH)/PoopDetector";
			};
			name = Debug;
		};
		4B8B99AF2D812EAB0092C363 /* Release */ = {
			isa = XCBuildConfiguration;
			buildSettings = {
				BUNDLE_LOADER = "$(TEST_HOST)";
				CODE_SIGN_STYLE = Automatic;
				CURRENT_PROJECT_VERSION = 1;
				DEVELOPMENT_TEAM = 473BWG9258;
				GENERATE_INFOPLIST_FILE = YES;
				IPHONEOS_DEPLOYMENT_TARGET = 18.1;
				MARKETING_VERSION = 1.0;
				PRODUCT_BUNDLE_IDENTIFIER = Gokul.PoopDetectorTests;
				PRODUCT_NAME = "$(TARGET_NAME)";
				SWIFT_EMIT_LOC_STRINGS = NO;
				SWIFT_VERSION = 5.0;
				TARGETED_DEVICE_FAMILY = "1,2";
				TEST_HOST = "$(BUILT_PRODUCTS_DIR)/PoopDetector.app/$(BUNDLE_EXECUTABLE_FOLDER_PATH)/PoopDetector";
			};
			name = Release;
		};
		4B8B99B12D812EAB0092C363 /* Debug */ = {
			isa = XCBuildConfiguration;
			buildSettings = {
				CODE_SIGN_STYLE = Automatic;
				CURRENT_PROJECT_VERSION = 1;
				DEVELOPMENT_TEAM = 473BWG9258;
				GENERATE_INFOPLIST_FILE = YES;
				MARKETING_VERSION = 1.0;
				PRODUCT_BUNDLE_IDENTIFIER = Gokul.PoopDetectorUITests;
				PRODUCT_NAME = "$(TARGET_NAME)";
				SWIFT_EMIT_LOC_STRINGS = NO;
				SWIFT_VERSION = 5.0;
				TARGETED_DEVICE_FAMILY = "1,2";
				TEST_TARGET_NAME = PoopDetector;
			};
			name = Debug;
		};
		4B8B99B22D812EAB0092C363 /* Release */ = {
			isa = XCBuildConfiguration;
			buildSettings = {
				CODE_SIGN_STYLE = Automatic;
				CURRENT_PROJECT_VERSION = 1;
				DEVELOPMENT_TEAM = 473BWG9258;
				GENERATE_INFOPLIST_FILE = YES;
				MARKETING_VERSION = 1.0;
				PRODUCT_BUNDLE_IDENTIFIER = Gokul.PoopDetectorUITests;
				PRODUCT_NAME = "$(TARGET_NAME)";
				SWIFT_EMIT_LOC_STRINGS = NO;
				SWIFT_VERSION = 5.0;
				TARGETED_DEVICE_FAMILY = "1,2";
				TEST_TARGET_NAME = PoopDetector;
			};
			name = Release;
		};
/* End XCBuildConfiguration section */

/* Begin XCConfigurationList section */
		4B8B99812D812EA90092C363 /* Build configuration list for PBXProject "PoopDetector" */ = {
			isa = XCConfigurationList;
			buildConfigurations = (
				4B8B99A82D812EAB0092C363 /* Debug */,
				4B8B99A92D812EAB0092C363 /* Release */,
			);
			defaultConfigurationIsVisible = 0;
			defaultConfigurationName = Release;
		};
		4B8B99AA2D812EAB0092C363 /* Build configuration list for PBXNativeTarget "PoopDetector" */ = {
			isa = XCConfigurationList;
			buildConfigurations = (
				4B8B99AB2D812EAB0092C363 /* Debug */,
				4B8B99AC2D812EAB0092C363 /* Release */,
			);
			defaultConfigurationIsVisible = 0;
			defaultConfigurationName = Release;
		};
		4B8B99AD2D812EAB0092C363 /* Build configuration list for PBXNativeTarget "PoopDetectorTests" */ = {
			isa = XCConfigurationList;
			buildConfigurations = (
				4B8B99AE2D812EAB0092C363 /* Debug */,
				4B8B99AF2D812EAB0092C363 /* Release */,
			);
			defaultConfigurationIsVisible = 0;
			defaultConfigurationName = Release;
		};
		4B8B99B02D812EAB0092C363 /* Build configuration list for PBXNativeTarget "PoopDetectorUITests" */ = {
			isa = XCConfigurationList;
			buildConfigurations = (
				4B8B99B12D812EAB0092C363 /* Debug */,
				4B8B99B22D812EAB0092C363 /* Release */,
			);
			defaultConfigurationIsVisible = 0;
			defaultConfigurationName = Release;
		};
/* End XCConfigurationList section */

/* Begin XCRemoteSwiftPackageReference section */
		4B3344B12D848D73005B0F77 /* XCRemoteSwiftPackageReference "generative-ai-swift" */ = {
			isa = XCRemoteSwiftPackageReference;
			repositoryURL = "https://github.com/google/generative-ai-swift";
			requirement = {
				kind = upToNextMajorVersion;
				minimumVersion = 0.5.6;
			};
		};
/* End XCRemoteSwiftPackageReference section */

/* Begin XCSwiftPackageProductDependency section */
		4B3344B22D848D73005B0F77 /* GoogleGenerativeAI */ = {
			isa = XCSwiftPackageProductDependency;
			package = 4B3344B12D848D73005B0F77 /* XCRemoteSwiftPackageReference "generative-ai-swift" */;
			productName = GoogleGenerativeAI;
		};
		4B7AFFBB2DB54CEB00DDCA3C /* NetworkLayer */ = {
			isa = XCSwiftPackageProductDependency;
			productName = NetworkLayer;
		};
/* End XCSwiftPackageProductDependency section */
	};
	rootObject = 4B8B997E2D812EA90092C363 /* Project object */;
}
